
Microsoft Visual Studio Solution File, Format Version 12.00
# Visual Studio 15
Project("{FAE04EC0-301F-11D3-BF4B-00C04F79EFBC}") = "Zenject", "Zenject.csproj", "{52B6DAEA-A497-F4D3-F632-934EC426DC98}"
EndProject
Project("{FAE04EC0-301F-11D3-BF4B-00C04F79EFBC}") = "Whisper", "Whisper.csproj", "{D526C2BA-3649-8AD6-13C5-6552233751D7}"
EndProject
Project("{FAE04EC0-301F-11D3-BF4B-00C04F79EFBC}") = "Udar.Web", "Udar.Web.csproj", "{C224D437-698E-7B0E-310B-0478426118E9}"
EndProject
Project("{FAE04EC0-301F-11D3-BF4B-00C04F79EFBC}") = "Whisper.UI", "Whisper.UI.csproj", "{514062E9-30DF-3AE3-D908-F1299447C429}"
EndProject
Project("{FAE04EC0-301F-11D3-BF4B-00C04F79EFBC}") = "Assembly-CSharp", "Assembly-CSharp.csproj", "{6B88AFD3-2F29-9EEF-E675-3780486A6CDF}"
EndProject
Project("{FAE04EC0-301F-11D3-BF4B-00C04F79EFBC}") = "Zenject-Editor", "Zenject-Editor.csproj", "{69CD32E8-E1E5-69F7-BE53-BA38864EF662}"
EndProject
Global
	GlobalSection(SolutionConfigurationPlatforms) = preSolution
		Debug|Any CPU = Debug|Any CPU
		Release|Any CPU = Release|Any CPU
	EndGlobalSection
	GlobalSection(ProjectConfigurationPlatforms) = postSolution
		{52B6DAEA-A497-F4D3-F632-934EC426DC98}.Debug|Any CPU.ActiveCfg = Debug|Any CPU
		{52B6DAEA-A497-F4D3-F632-934EC426DC98}.Debug|Any CPU.Build.0 = Debug|Any CPU
		{52B6DAEA-A497-F4D3-F632-934EC426DC98}.Release|Any CPU.ActiveCfg = Release|Any CPU
		{52B6DAEA-A497-F4D3-F632-934EC426DC98}.Release|Any CPU.Build.0 = Release|Any CPU
		{D526C2BA-3649-8AD6-13C5-6552233751D7}.Debug|Any CPU.ActiveCfg = Debug|Any CPU
		{D526C2BA-3649-8AD6-13C5-6552233751D7}.Debug|Any CPU.Build.0 = Debug|Any CPU
		{D526C2BA-3649-8AD6-13C5-6552233751D7}.Release|Any CPU.ActiveCfg = Release|Any CPU
		{D526C2BA-3649-8AD6-13C5-6552233751D7}.Release|Any CPU.Build.0 = Release|Any CPU
		{C224D437-698E-7B0E-310B-0478426118E9}.Debug|Any CPU.ActiveCfg = Debug|Any CPU
		{C224D437-698E-7B0E-310B-0478426118E9}.Debug|Any CPU.Build.0 = Debug|Any CPU
		{C224D437-698E-7B0E-310B-0478426118E9}.Release|Any CPU.ActiveCfg = Release|Any CPU
		{C224D437-698E-7B0E-310B-0478426118E9}.Release|Any CPU.Build.0 = Release|Any CPU
		{514062E9-30DF-3AE3-D908-F1299447C429}.Debug|Any CPU.ActiveCfg = Debug|Any CPU
		{514062E9-30DF-3AE3-D908-F1299447C429}.Debug|Any CPU.Build.0 = Debug|Any CPU
		{514062E9-30DF-3AE3-D908-F1299447C429}.Release|Any CPU.ActiveCfg = Release|Any CPU
		{514062E9-30DF-3AE3-D908-F1299447C429}.Release|Any CPU.Build.0 = Release|Any CPU
		{6B88AFD3-2F29-9EEF-E675-3780486A6CDF}.Debug|Any CPU.ActiveCfg = Debug|Any CPU
		{6B88AFD3-2F29-9EEF-E675-3780486A6CDF}.Debug|Any CPU.Build.0 = Debug|Any CPU
		{6B88AFD3-2F29-9EEF-E675-3780486A6CDF}.Release|Any CPU.ActiveCfg = Release|Any CPU
		{6B88AFD3-2F29-9EEF-E675-3780486A6CDF}.Release|Any CPU.Build.0 = Release|Any CPU
		{69CD32E8-E1E5-69F7-BE53-BA38864EF662}.Debug|Any CPU.ActiveCfg = Debug|Any CPU
		{69CD32E8-E1E5-69F7-BE53-BA38864EF662}.Debug|Any CPU.Build.0 = Debug|Any CPU
		{69CD32E8-E1E5-69F7-BE53-BA38864EF662}.Release|Any CPU.ActiveCfg = Release|Any CPU
		{69CD32E8-E1E5-69F7-BE53-BA38864EF662}.Release|Any CPU.Build.0 = Release|Any CPU
	EndGlobalSection
	GlobalSection(SolutionProperties) = preSolution
		HideSolutionNode = FALSE
	EndGlobalSection
EndGlobal
